
Microsoft Visual Studio Solution File, Format Version 12.00
# Visual Studio Version 17
VisualStudioVersion = 17.8.34511.84
MinimumVisualStudioVersion = 10.0.40219.1
Project("{FAE04EC0-301F-11D3-BF4B-00C04F79EFBC}") = "15-ArraysInCSharp", "15-ArraysInCSharp.csproj", "{090CD9C5-97E6-4E01-BA6C-6D160637513F}"
EndProject
Global
	GlobalSection(SolutionConfigurationPlatforms) = preSolution
		Debug|Any CPU = Debug|Any CPU
		Release|Any CPU = Release|Any CPU
	EndGlobalSection
	GlobalSection(ProjectConfigurationPlatforms) = postSolution
		{090CD9C5-97E6-4E01-BA6C-6D160637513F}.Debug|Any CPU.ActiveCfg = Debug|Any CPU
		{090CD9C5-97E6-4E01-BA6C-6D160637513F}.Debug|Any CPU.Build.0 = Debug|Any CPU
		{090CD9C5-97E6-4E01-BA6C-6D160637513F}.Release|Any CPU.ActiveCfg = Release|Any CPU
		{090CD9C5-97E6-4E01-BA6C-6D160637513F}.Release|Any CPU.Build.0 = Release|Any CPU
	EndGlobalSection
	GlobalSection(SolutionProperties) = preSolution
		HideSolutionNode = FALSE
	EndGlobalSection
	GlobalSection(ExtensibilityGlobals) = postSolution
		SolutionGuid = {C1F435F6-3230-4368-AF9A-475FBC223068}
	EndGlobalSection
EndGlobal
